
Microsoft Visual Studio Solution File, Format Version 12.00
# Visual Studio Version 17
VisualStudioVersion = 17.6.33723.286
MinimumVisualStudioVersion = 10.0.40219.1
Project("{FAE04EC0-301F-11D3-BF4B-00C04F79EFBC}") = "otobusrezervasyonsistemi", "otobusrezervasyonsistemi\otobusrezervasyonsistemi.csproj", "{CA6E7AE9-422F-4B12-91CF-12367F4DF881}"
EndProject
Global
	GlobalSection(SolutionConfigurationPlatforms) = preSolution
		Debug|Any CPU = Debug|Any CPU
		Release|Any CPU = Release|Any CPU
	EndGlobalSection
	GlobalSection(ProjectConfigurationPlatforms) = postSolution
		{CA6E7AE9-422F-4B12-91CF-12367F4DF881}.Debug|Any CPU.ActiveCfg = Debug|Any CPU
		{CA6E7AE9-422F-4B12-91CF-12367F4DF881}.Debug|Any CPU.Build.0 = Debug|Any CPU
		{CA6E7AE9-422F-4B12-91CF-12367F4DF881}.Release|Any CPU.ActiveCfg = Release|Any CPU
		{CA6E7AE9-422F-4B12-91CF-12367F4DF881}.Release|Any CPU.Build.0 = Release|Any CPU
	EndGlobalSection
	GlobalSection(SolutionProperties) = preSolution
		HideSolutionNode = FALSE
	EndGlobalSection
	GlobalSection(ExtensibilityGlobals) = postSolution
		SolutionGuid = {DCDF0617-9391-4D5B-AC77-9AABDE108BE1}
	EndGlobalSection
EndGlobal
